
Microsoft Visual Studio Solution File, Format Version 12.00
# Visual Studio 15
VisualStudioVersion = 15.0.27703.2026
MinimumVisualStudioVersion = 10.0.40219.1
Project("{FAE04EC0-301F-11D3-BF4B-00C04F79EFBC}") = "AnekaHealthKeeper", "AnekaHealthKeeper\AnekaHealthKeeper.csproj", "{1E261C25-DDC7-4EC6-8F90-BACBEBF79E7E}"
EndProject
Global
	GlobalSection(SolutionConfigurationPlatforms) = preSolution
		Debug|Any CPU = Debug|Any CPU
		Release|Any CPU = Release|Any CPU
	EndGlobalSection
	GlobalSection(ProjectConfigurationPlatforms) = postSolution
		{1E261C25-DDC7-4EC6-8F90-BACBEBF79E7E}.Debug|Any CPU.ActiveCfg = Debug|Any CPU
		{1E261C25-DDC7-4EC6-8F90-BACBEBF79E7E}.Debug|Any CPU.Build.0 = Debug|Any CPU
		{1E261C25-DDC7-4EC6-8F90-BACBEBF79E7E}.Release|Any CPU.ActiveCfg = Release|Any CPU
		{1E261C25-DDC7-4EC6-8F90-BACBEBF79E7E}.Release|Any CPU.Build.0 = Release|Any CPU
	EndGlobalSection
	GlobalSection(SolutionProperties) = preSolution
		HideSolutionNode = FALSE
	EndGlobalSection
	GlobalSection(ExtensibilityGlobals) = postSolution
		SolutionGuid = {7B59585B-711E-44DF-BCC7-CA2B9B271ECF}
	EndGlobalSection
EndGlobal
